
Microsoft Visual Studio Solution File, Format Version 12.00
# Visual Studio Version 17
VisualStudioVersion = 17.4.33110.190
MinimumVisualStudioVersion = 10.0.40219.1
Project("{FAE04EC0-301F-11D3-BF4B-00C04F79EFBC}") = "FormatandoMoedas", "FormatandoMoedas\FormatandoMoedas.csproj", "{4B4060D4-521A-41B9-BF76-D47D7C11048D}"
EndProject
Global
	GlobalSection(SolutionConfigurationPlatforms) = preSolution
		Debug|Any CPU = Debug|Any CPU
		Release|Any CPU = Release|Any CPU
	EndGlobalSection
	GlobalSection(ProjectConfigurationPlatforms) = postSolution
		{4B4060D4-521A-41B9-BF76-D47D7C11048D}.Debug|Any CPU.ActiveCfg = Debug|Any CPU
		{4B4060D4-521A-41B9-BF76-D47D7C11048D}.Debug|Any CPU.Build.0 = Debug|Any CPU
		{4B4060D4-521A-41B9-BF76-D47D7C11048D}.Release|Any CPU.ActiveCfg = Release|Any CPU
		{4B4060D4-521A-41B9-BF76-D47D7C11048D}.Release|Any CPU.Build.0 = Release|Any CPU
	EndGlobalSection
	GlobalSection(SolutionProperties) = preSolution
		HideSolutionNode = FALSE
	EndGlobalSection
	GlobalSection(ExtensibilityGlobals) = postSolution
		SolutionGuid = {3F745AB3-EF13-4CC7-B457-14F8E9475A5C}
	EndGlobalSection
EndGlobal
